
Microsoft Visual Studio Solution File, Format Version 12.00
# Visual Studio Version 16
VisualStudioVersion = 16.0.29215.179
MinimumVisualStudioVersion = 10.0.40219.1
Project("{FAE04EC0-301F-11D3-BF4B-00C04F79EFBC}") = "Assignment2_Seng8040", "Assignment2_Seng8040\Assignment2_Seng8040.csproj", "{104E7F33-D4C3-4DA3-A6FF-84960B4DF23B}"
EndProject
Global
	GlobalSection(SolutionConfigurationPlatforms) = preSolution
		Debug|Any CPU = Debug|Any CPU
		Release|Any CPU = Release|Any CPU
	EndGlobalSection
	GlobalSection(ProjectConfigurationPlatforms) = postSolution
		{104E7F33-D4C3-4DA3-A6FF-84960B4DF23B}.Debug|Any CPU.ActiveCfg = Debug|Any CPU
		{104E7F33-D4C3-4DA3-A6FF-84960B4DF23B}.Debug|Any CPU.Build.0 = Debug|Any CPU
		{104E7F33-D4C3-4DA3-A6FF-84960B4DF23B}.Release|Any CPU.ActiveCfg = Release|Any CPU
		{104E7F33-D4C3-4DA3-A6FF-84960B4DF23B}.Release|Any CPU.Build.0 = Release|Any CPU
	EndGlobalSection
	GlobalSection(SolutionProperties) = preSolution
		HideSolutionNode = FALSE
	EndGlobalSection
	GlobalSection(ExtensibilityGlobals) = postSolution
		SolutionGuid = {E556979D-F0DA-4332-842C-7FB7F706FE23}
	EndGlobalSection
EndGlobal
